
Microsoft Visual Studio Solution File, Format Version 12.00
# Visual Studio Version 17
VisualStudioVersion = 17.0.32112.339
MinimumVisualStudioVersion = 10.0.40219.1
Project("{9A19103F-16F7-4668-BE54-9A1E7A4F7556}") = "Intus.Data.Models", "Intus.Data.Models\Intus.Data.Models.csproj", "{A81D15E0-B90C-43CB-9251-DF02D03BF4FB}"
EndProject
Project("{9A19103F-16F7-4668-BE54-9A1E7A4F7556}") = "Intus.WebAPI", "Intus.WebAPI\Intus.WebAPI.csproj", "{7AE79795-29F1-434D-A97E-91019631F4A2}"
EndProject
Global
	GlobalSection(SolutionConfigurationPlatforms) = preSolution
		Debug|Any CPU = Debug|Any CPU
		Release|Any CPU = Release|Any CPU
	EndGlobalSection
	GlobalSection(ProjectConfigurationPlatforms) = postSolution
		{A81D15E0-B90C-43CB-9251-DF02D03BF4FB}.Debug|Any CPU.ActiveCfg = Debug|Any CPU
		{A81D15E0-B90C-43CB-9251-DF02D03BF4FB}.Debug|Any CPU.Build.0 = Debug|Any CPU
		{A81D15E0-B90C-43CB-9251-DF02D03BF4FB}.Release|Any CPU.ActiveCfg = Release|Any CPU
		{A81D15E0-B90C-43CB-9251-DF02D03BF4FB}.Release|Any CPU.Build.0 = Release|Any CPU
		{7AE79795-29F1-434D-A97E-91019631F4A2}.Debug|Any CPU.ActiveCfg = Debug|Any CPU
		{7AE79795-29F1-434D-A97E-91019631F4A2}.Debug|Any CPU.Build.0 = Debug|Any CPU
		{7AE79795-29F1-434D-A97E-91019631F4A2}.Release|Any CPU.ActiveCfg = Release|Any CPU
		{7AE79795-29F1-434D-A97E-91019631F4A2}.Release|Any CPU.Build.0 = Release|Any CPU
	EndGlobalSection
	GlobalSection(SolutionProperties) = preSolution
		HideSolutionNode = FALSE
	EndGlobalSection
	GlobalSection(ExtensibilityGlobals) = postSolution
		SolutionGuid = {1EC64CDE-760C-4B73-82CC-694AF4C4577F}
	EndGlobalSection
EndGlobal
